
Microsoft Visual Studio Solution File, Format Version 12.00
# Visual Studio Version 17
VisualStudioVersion = 17.3.32901.215
MinimumVisualStudioVersion = 10.0.40219.1
Project("{FAE04EC0-301F-11D3-BF4B-00C04F79EFBC}") = "WpfApp1", "WpfApp1.csproj", "{95CD7AAB-9F06-49A2-B802-EC56E6424C47}"
EndProject
Project("{FAE04EC0-301F-11D3-BF4B-00C04F79EFBC}") = "BLL", "BLL\BLL.csproj", "{D1549B48-0115-4E17-B74A-17BA54B392A4}"
EndProject
Project("{FAE04EC0-301F-11D3-BF4B-00C04F79EFBC}") = "DAL", "DAL\DAL.csproj", "{70F4A1D6-16CE-4186-A1AC-68EB75B35EC4}"
EndProject
Global
	GlobalSection(SolutionConfigurationPlatforms) = preSolution
		Debug|Any CPU = Debug|Any CPU
		Release|Any CPU = Release|Any CPU
	EndGlobalSection
	GlobalSection(ProjectConfigurationPlatforms) = postSolution
		{95CD7AAB-9F06-49A2-B802-EC56E6424C47}.Debug|Any CPU.ActiveCfg = Debug|Any CPU
		{95CD7AAB-9F06-49A2-B802-EC56E6424C47}.Debug|Any CPU.Build.0 = Debug|Any CPU
		{95CD7AAB-9F06-49A2-B802-EC56E6424C47}.Release|Any CPU.ActiveCfg = Release|Any CPU
		{95CD7AAB-9F06-49A2-B802-EC56E6424C47}.Release|Any CPU.Build.0 = Release|Any CPU
		{D1549B48-0115-4E17-B74A-17BA54B392A4}.Debug|Any CPU.ActiveCfg = Debug|Any CPU
		{D1549B48-0115-4E17-B74A-17BA54B392A4}.Debug|Any CPU.Build.0 = Debug|Any CPU
		{D1549B48-0115-4E17-B74A-17BA54B392A4}.Release|Any CPU.ActiveCfg = Release|Any CPU
		{D1549B48-0115-4E17-B74A-17BA54B392A4}.Release|Any CPU.Build.0 = Release|Any CPU
		{70F4A1D6-16CE-4186-A1AC-68EB75B35EC4}.Debug|Any CPU.ActiveCfg = Debug|Any CPU
		{70F4A1D6-16CE-4186-A1AC-68EB75B35EC4}.Debug|Any CPU.Build.0 = Debug|Any CPU
		{70F4A1D6-16CE-4186-A1AC-68EB75B35EC4}.Release|Any CPU.ActiveCfg = Release|Any CPU
		{70F4A1D6-16CE-4186-A1AC-68EB75B35EC4}.Release|Any CPU.Build.0 = Release|Any CPU
	EndGlobalSection
	GlobalSection(SolutionProperties) = preSolution
		HideSolutionNode = FALSE
	EndGlobalSection
	GlobalSection(ExtensibilityGlobals) = postSolution
		SolutionGuid = {BF61C2C1-000B-48ED-BDE1-C0A73C9AE1EF}
	EndGlobalSection
EndGlobal
